
Microsoft Visual Studio Solution File, Format Version 12.00
# Visual Studio Version 17
VisualStudioVersion = 17.3.32929.385
MinimumVisualStudioVersion = 10.0.40219.1
Project("{8BC9CEB8-8B4A-11D0-8D11-00A0C91BC942}") = "Targil2", "Targil2\Targil2.vcxproj", "{4C9F31FF-F892-460A-A44F-325F64B1F538}"
EndProject
Global
	GlobalSection(SolutionConfigurationPlatforms) = preSolution
		Debug|x64 = Debug|x64
		Debug|x86 = Debug|x86
		Release|x64 = Release|x64
		Release|x86 = Release|x86
	EndGlobalSection
	GlobalSection(ProjectConfigurationPlatforms) = postSolution
		{4C9F31FF-F892-460A-A44F-325F64B1F538}.Debug|x64.ActiveCfg = Debug|x64
		{4C9F31FF-F892-460A-A44F-325F64B1F538}.Debug|x64.Build.0 = Debug|x64
		{4C9F31FF-F892-460A-A44F-325F64B1F538}.Debug|x86.ActiveCfg = Debug|Win32
		{4C9F31FF-F892-460A-A44F-325F64B1F538}.Debug|x86.Build.0 = Debug|Win32
		{4C9F31FF-F892-460A-A44F-325F64B1F538}.Release|x64.ActiveCfg = Release|x64
		{4C9F31FF-F892-460A-A44F-325F64B1F538}.Release|x64.Build.0 = Release|x64
		{4C9F31FF-F892-460A-A44F-325F64B1F538}.Release|x86.ActiveCfg = Release|Win32
		{4C9F31FF-F892-460A-A44F-325F64B1F538}.Release|x86.Build.0 = Release|Win32
	EndGlobalSection
	GlobalSection(SolutionProperties) = preSolution
		HideSolutionNode = FALSE
	EndGlobalSection
	GlobalSection(ExtensibilityGlobals) = postSolution
		SolutionGuid = {69F7CF02-50CB-44BC-8F95-B1B9E10CCEAD}
	EndGlobalSection
EndGlobal
